// !$*UTF8*$!
{
	archiveVersion = 1;
	classes = {
	};
	objectVersion = 50;
	objects = {

/* Begin PBXBuildFile section */
		FA23FFEE248019D5008DAE8A /* ClimateControlManager.swift in Sources */ = {isa = PBXBuildFile; fileRef = FA23FFED248019D5008DAE8A /* ClimateControlManager.swift */; };
		FA3728D0247EBF6F00104213 /* AppDelegate.swift in Sources */ = {isa = PBXBuildFile; fileRef = FA3728CF247EBF6F00104213 /* AppDelegate.swift */; };
		FA3728D2247EBF6F00104213 /* SceneDelegate.swift in Sources */ = {isa = PBXBuildFile; fileRef = FA3728D1247EBF6F00104213 /* SceneDelegate.swift */; };
		FA3728D4247EBF6F00104213 /* FirstViewController.swift in Sources */ = {isa = PBXBuildFile; fileRef = FA3728D3247EBF6F00104213 /* FirstViewController.swift */; };
		FA3728D6247EBF6F00104213 /* SecondViewController.swift in Sources */ = {isa = PBXBuildFile; fileRef = FA3728D5247EBF6F00104213 /* SecondViewController.swift */; };
		FA3728D9247EBF6F00104213 /* Main.storyboard in Resources */ = {isa = PBXBuildFile; fileRef = FA3728D7247EBF6F00104213 /* Main.storyboard */; };
		FA3728DB247EBF7000104213 /* Assets.xcassets in Resources */ = {isa = PBXBuildFile; fileRef = FA3728DA247EBF7000104213 /* Assets.xcassets */; };
		FA3728DE247EBF7000104213 /* LaunchScreen.storyboard in Resources */ = {isa = PBXBuildFile; fileRef = FA3728DC247EBF7000104213 /* LaunchScreen.storyboard */; };
		FA3728E8247EF05600104213 /* ClimateControlModel.swift in Sources */ = {isa = PBXBuildFile; fileRef = FA3728E7247EF05600104213 /* ClimateControlModel.swift */; };
		FA6B066C2480ABC4006273A9 /* Arduino Code in Resources */ = {isa = PBXBuildFile; fileRef = FA6B066B2480ABC4006273A9 /* Arduino Code */; };
		FA6B066E2480B6C8006273A9 /* Constants.swift in Sources */ = {isa = PBXBuildFile; fileRef = FA6B066D2480B6C8006273A9 /* Constants.swift */; };
/* End PBXBuildFile section */

/* Begin PBXFileReference section */
		FA23FFED248019D5008DAE8A /* ClimateControlManager.swift */ = {isa = PBXFileReference; lastKnownFileType = sourcecode.swift; path = ClimateControlManager.swift; sourceTree = "<group>"; };
		FA3728CC247EBF6F00104213 /* Studio 554.app */ = {isa = PBXFileReference; explicitFileType = wrapper.application; includeInIndex = 0; path = "Studio 554.app"; sourceTree = BUILT_PRODUCTS_DIR; };
		FA3728CF247EBF6F00104213 /* AppDelegate.swift */ = {isa = PBXFileReference; lastKnownFileType = sourcecode.swift; path = AppDelegate.swift; sourceTree = "<group>"; };
		FA3728D1247EBF6F00104213 /* SceneDelegate.swift */ = {isa = PBXFileReference; lastKnownFileType = sourcecode.swift; path = SceneDelegate.swift; sourceTree = "<group>"; };
		FA3728D3247EBF6F00104213 /* FirstViewController.swift */ = {isa = PBXFileReference; lastKnownFileType = sourcecode.swift; path = FirstViewController.swift; sourceTree = "<group>"; };
		FA3728D5247EBF6F00104213 /* SecondViewController.swift */ = {isa = PBXFileReference; lastKnownFileType = sourcecode.swift; path = SecondViewController.swift; sourceTree = "<group>"; };
		FA3728D8247EBF6F00104213 /* Base */ = {isa = PBXFileReference; lastKnownFileType = file.storyboard; name = Base; path = Base.lproj/Main.storyboard; sourceTree = "<group>"; };
		FA3728DA247EBF7000104213 /* Assets.xcassets */ = {isa = PBXFileReference; lastKnownFileType = folder.assetcatalog; path = Assets.xcassets; sourceTree = "<group>"; };
		FA3728DD247EBF7000104213 /* Base */ = {isa = PBXFileReference; lastKnownFileType = file.storyboard; name = Base; path = Base.lproj/LaunchScreen.storyboard; sourceTree = "<group>"; };
		FA3728DF247EBF7000104213 /* Info.plist */ = {isa = PBXFileReference; lastKnownFileType = text.plist.xml; path = Info.plist; sourceTree = "<group>"; };
		FA3728E7247EF05600104213 /* ClimateControlModel.swift */ = {isa = PBXFileReference; lastKnownFileType = sourcecode.swift; path = ClimateControlModel.swift; sourceTree = "<group>"; };
		FA6B066B2480ABC4006273A9 /* Arduino Code */ = {isa = PBXFileReference; lastKnownFileType = text; path = "Arduino Code"; sourceTree = "<group>"; };
		FA6B066D2480B6C8006273A9 /* Constants.swift */ = {isa = PBXFileReference; lastKnownFileType = sourcecode.swift; path = Constants.swift; sourceTree = "<group>"; };
/* End PBXFileReference section */

/* Begin PBXFrameworksBuildPhase section */
		FA3728C9247EBF6F00104213 /* Frameworks */ = {
			isa = PBXFrameworksBuildPhase;
			buildActionMask = 2147483647;
			files = (
			);
			runOnlyForDeploymentPostprocessing = 0;
		};
/* End PBXFrameworksBuildPhase section */

/* Begin PBXGroup section */
		FA3728C3247EBF6F00104213 = {
			isa = PBXGroup;
			children = (
				FA3728CE247EBF6F00104213 /* Studio 554 */,
				FA3728CD247EBF6F00104213 /* Products */,
			);
			sourceTree = "<group>";
		};
		FA3728CD247EBF6F00104213 /* Products */ = {
			isa = PBXGroup;
			children = (
				FA3728CC247EBF6F00104213 /* Studio 554.app */,
			);
			name = Products;
			sourceTree = "<group>";
		};
		FA3728CE247EBF6F00104213 /* Studio 554 */ = {
			isa = PBXGroup;
			children = (
				FA3728CF247EBF6F00104213 /* AppDelegate.swift */,
				FA3728D1247EBF6F00104213 /* SceneDelegate.swift */,
				FA3728E9247EF05D00104213 /* Model */,
				FA3728E5247EEFE500104213 /* Controllers */,
				FA3728E6247EEFF800104213 /* Views */,
				FA6B066D2480B6C8006273A9 /* Constants.swift */,
				FA6B066A2480AB84006273A9 /* Arduino Files */,
				FA3728DA247EBF7000104213 /* Assets.xcassets */,
				FA3728DC247EBF7000104213 /* LaunchScreen.storyboard */,
				FA3728DF247EBF7000104213 /* Info.plist */,
			);
			path = "Studio 554";
			sourceTree = "<group>";
		};
		FA3728E5247EEFE500104213 /* Controllers */ = {
			isa = PBXGroup;
			children = (
				FA3728D3247EBF6F00104213 /* FirstViewController.swift */,
				FA3728D5247EBF6F00104213 /* SecondViewController.swift */,
			);
			path = Controllers;
			sourceTree = "<group>";
		};
		FA3728E6247EEFF800104213 /* Views */ = {
			isa = PBXGroup;
			children = (
				FA3728D7247EBF6F00104213 /* Main.storyboard */,
			);
			path = Views;
			sourceTree = "<group>";
		};
		FA3728E9247EF05D00104213 /* Model */ = {
			isa = PBXGroup;
			children = (
				FA3728E7247EF05600104213 /* ClimateControlModel.swift */,
				FA23FFED248019D5008DAE8A /* ClimateControlManager.swift */,
			);
			path = Model;
			sourceTree = "<group>";
		};
		FA6B066A2480AB84006273A9 /* Arduino Files */ = {
			isa = PBXGroup;
			children = (
				FA6B066B2480ABC4006273A9 /* Arduino Code */,
			);
			path = "Arduino Files";
			sourceTree = "<group>";
		};
/* End PBXGroup section */

/* Begin PBXNativeTarget section */
		FA3728CB247EBF6F00104213 /* Studio 554 */ = {
			isa = PBXNativeTarget;
			buildConfigurationList = FA3728E2247EBF7000104213 /* Build configuration list for PBXNativeTarget "Studio 554" */;
			buildPhases = (
				FA3728C8247EBF6F00104213 /* Sources */,
				FA3728C9247EBF6F00104213 /* Frameworks */,
				FA3728CA247EBF6F00104213 /* Resources */,
			);
			buildRules = (
			);
			dependencies = (
			);
			name = "Studio 554";
			productName = "Studio 554";
			productReference = FA3728CC247EBF6F00104213 /* Studio 554.app */;
			productType = "com.apple.product-type.application";
		};
/* End PBXNativeTarget section */

/* Begin PBXProject section */
		FA3728C4247EBF6F00104213 /* Project object */ = {
			isa = PBXProject;
			attributes = {
				LastSwiftUpdateCheck = 1150;
				LastUpgradeCheck = 1150;
				ORGANIZATIONNAME = "Alex Luke";
				TargetAttributes = {
					FA3728CB247EBF6F00104213 = {
						CreatedOnToolsVersion = 11.5;
					};
				};
			};
			buildConfigurationList = FA3728C7247EBF6F00104213 /* Build configuration list for PBXProject "Studio 554" */;
			compatibilityVersion = "Xcode 9.3";
			developmentRegion = en;
			hasScannedForEncodings = 0;
			knownRegions = (
				en,
				Base,
			);
			mainGroup = FA3728C3247EBF6F00104213;
			productRefGroup = FA3728CD247EBF6F00104213 /* Products */;
			projectDirPath = "";
			projectRoot = "";
			targets = (
				FA3728CB247EBF6F00104213 /* Studio 554 */,
			);
		};
/* End PBXProject section */

/* Begin PBXResourcesBuildPhase section */
		FA3728CA247EBF6F00104213 /* Resources */ = {
			isa = PBXResourcesBuildPhase;
			buildActionMask = 2147483647;
			files = (
				FA3728DE247EBF7000104213 /* LaunchScreen.storyboard in Resources */,
				FA6B066C2480ABC4006273A9 /* Arduino Code in Resources */,
				FA3728DB247EBF7000104213 /* Assets.xcassets in Resources */,
				FA3728D9247EBF6F00104213 /* Main.storyboard in Resources */,
			);
			runOnlyForDeploymentPostprocessing = 0;
		};
/* End PBXResourcesBuildPhase section */

/* Begin PBXSourcesBuildPhase section */
		FA3728C8247EBF6F00104213 /* Sources */ = {
			isa = PBXSourcesBuildPhase;
			buildActionMask = 2147483647;
			files = (
				FA3728D6247EBF6F00104213 /* SecondViewController.swift in Sources */,
				FA3728D4247EBF6F00104213 /* FirstViewController.swift in Sources */,
				FA3728D0247EBF6F00104213 /* AppDelegate.swift in Sources */,
				FA23FFEE248019D5008DAE8A /* ClimateControlManager.swift in Sources */,
				FA6B066E2480B6C8006273A9 /* Constants.swift in Sources */,
				FA3728E8247EF05600104213 /* ClimateControlModel.swift in Sources */,
				FA3728D2247EBF6F00104213 /* SceneDelegate.swift in Sources */,
			);
			runOnlyForDeploymentPostprocessing = 0;
		};
/* End PBXSourcesBuildPhase section */

/* Begin PBXVariantGroup section */
		FA3728D7247EBF6F00104213 /* Main.storyboard */ = {
			isa = PBXVariantGroup;
			children = (
				FA3728D8247EBF6F00104213 /* Base */,
			);
			name = Main.storyboard;
			sourceTree = "<group>";
		};
		FA3728DC247EBF7000104213 /* LaunchScreen.storyboard */ = {
			isa = PBXVariantGroup;
			children = (
				FA3728DD247EBF7000104213 /* Base */,
			);
			name = LaunchScreen.storyboard;
			sourceTree = "<group>";
		};
/* End PBXVariantGroup section */

/* Begin XCBuildConfiguration section */
		FA3728E0247EBF7000104213 /* Debug */ = {
			isa = XCBuildConfiguration;
			buildSettings = {
				ALWAYS_SEARCH_USER_PATHS = NO;
				CLANG_ANALYZER_NONNULL = YES;
				CLANG_ANALYZER_NUMBER_OBJECT_CONVERSION = YES_AGGRESSIVE;
				CLANG_CXX_LANGUAGE_STANDARD = "gnu++14";
				CLANG_CXX_LIBRARY = "libc++";
				CLANG_ENABLE_MODULES = YES;
				CLANG_ENABLE_OBJC_ARC = YES;
				CLANG_ENABLE_OBJC_WEAK = YES;
				CLANG_WARN_BLOCK_CAPTURE_AUTORELEASING = YES;
				CLANG_WARN_BOOL_CONVERSION = YES;
				CLANG_WARN_COMMA = YES;
				CLANG_WARN_CONSTANT_CONVERSION = YES;
				CLANG_WARN_DEPRECATED_OBJC_IMPLEMENTATIONS = YES;
				CLANG_WARN_DIRECT_OBJC_ISA_USAGE = YES_ERROR;
				CLANG_WARN_DOCUMENTATION_COMMENTS = YES;
				CLANG_WARN_EMPTY_BODY = YES;
				CLANG_WARN_ENUM_CONVERSION = YES;
				CLANG_WARN_INFINITE_RECURSION = YES;
				CLANG_WARN_INT_CONVERSION = YES;
				CLANG_WARN_NON_LITERAL_NULL_CONVERSION = YES;
				CLANG_WARN_OBJC_IMPLICIT_RETAIN_SELF = YES;
				CLANG_WARN_OBJC_LITERAL_CONVERSION = YES;
				CLANG_WARN_OBJC_ROOT_CLASS = YES_ERROR;
				CLANG_WARN_RANGE_LOOP_ANALYSIS = YES;
				CLANG_WARN_STRICT_PROTOTYPES = YES;
				CLANG_WARN_SUSPICIOUS_MOVE = YES;
				CLANG_WARN_UNGUARDED_AVAILABILITY = YES_AGGRESSIVE;
				CLANG_WARN_UNREACHABLE_CODE = YES;
				CLANG_WARN__DUPLICATE_METHOD_MATCH = YES;
				COPY_PHASE_STRIP = NO;
				DEBUG_INFORMATION_FORMAT = dwarf;
				ENABLE_STRICT_OBJC_MSGSEND = YES;
				ENABLE_TESTABILITY = YES;
				GCC_C_LANGUAGE_STANDARD = gnu11;
				GCC_DYNAMIC_NO_PIC = NO;
				GCC_NO_COMMON_BLOCKS = YES;
				GCC_OPTIMIZATION_LEVEL = 0;
				GCC_PREPROCESSOR_DEFINITIONS = (
					"DEBUG=1",
					"$(inherited)",
				);
				GCC_WARN_64_TO_32_BIT_CONVERSION = YES;
				GCC_WARN_ABOUT_RETURN_TYPE = YES_ERROR;
				GCC_WARN_UNDECLARED_SELECTOR = YES;
				GCC_WARN_UNINITIALIZED_AUTOS = YES_AGGRESSIVE;
				GCC_WARN_UNUSED_FUNCTION = YES;
				GCC_WARN_UNUSED_VARIABLE = YES;
				IPHONEOS_DEPLOYMENT_TARGET = 13.5;
				MTL_ENABLE_DEBUG_INFO = INCLUDE_SOURCE;
				MTL_FAST_MATH = YES;
				ONLY_ACTIVE_ARCH = YES;
				SDKROOT = iphoneos;
				SWIFT_ACTIVE_COMPILATION_CONDITIONS = DEBUG;
				SWIFT_OPTIMIZATION_LEVEL = "-Onone";
			};
			name = Debug;
		};
		FA3728E1247EBF7000104213 /* Release */ = {
			isa = XCBuildConfiguration;
			buildSettings = {
				ALWAYS_SEARCH_USER_PATHS = NO;
				CLANG_ANALYZER_NONNULL = YES;
				CLANG_ANALYZER_NUMBER_OBJECT_CONVERSION = YES_AGGRESSIVE;
				CLANG_CXX_LANGUAGE_STANDARD = "gnu++14";
				CLANG_CXX_LIBRARY = "libc++";
				CLANG_ENABLE_MODULES = YES;
				CLANG_ENABLE_OBJC_ARC = YES;
				CLANG_ENABLE_OBJC_WEAK = YES;
				CLANG_WARN_BLOCK_CAPTURE_AUTORELEASING = YES;
				CLANG_WARN_BOOL_CONVERSION = YES;
				CLANG_WARN_COMMA = YES;
				CLANG_WARN_CONSTANT_CONVERSION = YES;
				CLANG_WARN_DEPRECATED_OBJC_IMPLEMENTATIONS = YES;
				CLANG_WARN_DIRECT_OBJC_ISA_USAGE = YES_ERROR;
				CLANG_WARN_DOCUMENTATION_COMMENTS = YES;
				CLANG_WARN_EMPTY_BODY = YES;
				CLANG_WARN_ENUM_CONVERSION = YES;
				CLANG_WARN_INFINITE_RECURSION = YES;
				CLANG_WARN_INT_CONVERSION = YES;
				CLANG_WARN_NON_LITERAL_NULL_CONVERSION = YES;
				CLANG_WARN_OBJC_IMPLICIT_RETAIN_SELF = YES;
				CLANG_WARN_OBJC_LITERAL_CONVERSION = YES;
				CLANG_WARN_OBJC_ROOT_CLASS = YES_ERROR;
				CLANG_WARN_RANGE_LOOP_ANALYSIS = YES;
				CLANG_WARN_STRICT_PROTOTYPES = YES;
				CLANG_WARN_SUSPICIOUS_MOVE = YES;
				CLANG_WARN_UNGUARDED_AVAILABILITY = YES_AGGRESSIVE;
				CLANG_WARN_UNREACHABLE_CODE = YES;
				CLANG_WARN__DUPLICATE_METHOD_MATCH = YES;
				COPY_PHASE_STRIP = NO;
				DEBUG_INFORMATION_FORMAT = "dwarf-with-dsym";
				ENABLE_NS_ASSERTIONS = NO;
				ENABLE_STRICT_OBJC_MSGSEND = YES;
				GCC_C_LANGUAGE_STANDARD = gnu11;
				GCC_NO_COMMON_BLOCKS = YES;
				GCC_WARN_64_TO_32_BIT_CONVERSION = YES;
				GCC_WARN_ABOUT_RETURN_TYPE = YES_ERROR;
				GCC_WARN_UNDECLARED_SELECTOR = YES;
				GCC_WARN_UNINITIALIZED_AUTOS = YES_AGGRESSIVE;
				GCC_WARN_UNUSED_FUNCTION = YES;
				GCC_WARN_UNUSED_VARIABLE = YES;
				IPHONEOS_DEPLOYMENT_TARGET = 13.5;
				MTL_ENABLE_DEBUG_INFO = NO;
				MTL_FAST_MATH = YES;
				SDKROOT = iphoneos;
				SWIFT_COMPILATION_MODE = wholemodule;
				SWIFT_OPTIMIZATION_LEVEL = "-O";
				VALIDATE_PRODUCT = YES;
			};
			name = Release;
		};
		FA3728E3247EBF7000104213 /* Debug */ = {
			isa = XCBuildConfiguration;
			buildSettings = {
				ASSETCATALOG_COMPILER_APPICON_NAME = AppIcon;
				CODE_SIGN_STYLE = Automatic;
				DEVELOPMENT_TEAM = D5C6P253A2;
				INFOPLIST_FILE = "Studio 554/Info.plist";
				LD_RUNPATH_SEARCH_PATHS = (
					"$(inherited)",
					"@executable_path/Frameworks",
				);
				PRODUCT_BUNDLE_IDENTIFIER = "com.alexluke.Studio-554";
				PRODUCT_NAME = "$(TARGET_NAME)";
				SWIFT_VERSION = 5.0;
				TARGETED_DEVICE_FAMILY = "1,2";
			};
			name = Debug;
		};
		FA3728E4247EBF7000104213 /* Release */ = {
			isa = XCBuildConfiguration;
			buildSettings = {
				ASSETCATALOG_COMPILER_APPICON_NAME = AppIcon;
				CODE_SIGN_STYLE = Automatic;
				DEVELOPMENT_TEAM = D5C6P253A2;
				INFOPLIST_FILE = "Studio 554/Info.plist";
				LD_RUNPATH_SEARCH_PATHS = (
					"$(inherited)",
					"@executable_path/Frameworks",
				);
				PRODUCT_BUNDLE_IDENTIFIER = "com.alexluke.Studio-554";
				PRODUCT_NAME = "$(TARGET_NAME)";
				SWIFT_VERSION = 5.0;
				TARGETED_DEVICE_FAMILY = "1,2";
			};
			name = Release;
		};
/* End XCBuildConfiguration section */

/* Begin XCConfigurationList section */
		FA3728C7247EBF6F00104213 /* Build configuration list for PBXProject "Studio 554" */ = {
			isa = XCConfigurationList;
			buildConfigurations = (
				FA3728E0247EBF7000104213 /* Debug */,
				FA3728E1247EBF7000104213 /* Release */,
			);
			defaultConfigurationIsVisible = 0;
			defaultConfigurationName = Release;
		};
		FA3728E2247EBF7000104213 /* Build configuration list for PBXNativeTarget "Studio 554" */ = {
			isa = XCConfigurationList;
			buildConfigurations = (
				FA3728E3247EBF7000104213 /* Debug */,
				FA3728E4247EBF7000104213 /* Release */,
			);
			defaultConfigurationIsVisible = 0;
			defaultConfigurationName = Release;
		};
/* End XCConfigurationList section */
	};
	rootObject = FA3728C4247EBF6F00104213 /* Project object */;
}
